# THIS IS AN AUTOGENERATED FILE. DO NOT EDIT THIS FILE DIRECTLY.
# yarn lockfile v1


"@babel/runtime@^7.9.2":
  version "7.16.3"
  resolved "https://registry.yarnpkg.com/@babel/runtime/-/runtime-7.16.3.tgz#b86f0db02a04187a3c17caa77de69840165d42d5"
  integrity sha512-WBwekcqacdY2e9AF/Q7WLFUWmdJGJTkbjqTjoMDgXkVZ3ZRUvOPsLb5KdwISoQVsbP+DQzVZW4Zhci0DvpbNTQ==
  dependencies:
    regenerator-runtime "^0.13.4"

"@react-nano/tsrux@^0.11.0":
  version "0.11.0"
  resolved "https://registry.yarnpkg.com/@react-nano/tsrux/-/tsrux-0.11.0.tgz#625d35a49f2f48fa9dd89f86bae78fe11e90dc5d"
  integrity sha512-J8474Y20dT+m11LmzcpT/PqK7hNt5WqGhrniPW8kVZ4GQ6wD9dMub/xDMn06b015gtL0E7TmU4ha6xJE077WeA==

curriable@^1.3.0:
  version "1.3.0"
  resolved "https://registry.yarnpkg.com/curriable/-/curriable-1.3.0.tgz#cb054bc7bbc1f440cbc613527b8a05b57e19e1ab"
  integrity sha512-7kfjDPRSF+pguU0TlfSFBMCd8XlmF29ZAiXcq/zaN4LhZvWdvV0Y72AvaWFqInXZG9Yg1kA1UMkpE9lFBKMpQA==

decode-uri-component@^0.2.0:
  version "0.2.0"
  resolved "https://registry.yarnpkg.com/decode-uri-component/-/decode-uri-component-0.2.0.tgz#eb3913333458775cb84cd1a1fae062106bb87545"
  integrity sha1-6zkTMzRYd1y4TNGh+uBiEGu4dUU=

deox@^3.3.1:
  version "3.3.1"
  resolved "https://registry.yarnpkg.com/deox/-/deox-3.3.1.tgz#e948fd7ba97939e9c4a0d3bdad8e7eed6b07b9f2"
  integrity sha512-HcwXTlIk7e4jIOhnd2FEV+HF/Dlg1BSNnTTzpa/pcuhM2rpQ4jp374+Q1w0C+0SGG52iHTseMsw3hqm8vIXPOQ==
  dependencies:
    redux-starter-kit "0.5.1"

fast-equals@^1.2.1:
  version "1.6.3"
  resolved "https://registry.yarnpkg.com/fast-equals/-/fast-equals-1.6.3.tgz#84839a1ce20627c463e1892f2ae316380c81b459"
  integrity sha512-4WKW0AL5+WEqO0zWavAfYGY1qwLsBgE//DN4TTcVEN2UlINgkv9b3vm2iHicoenWKSX9mKWmGOsU/iI5IST7pQ==

filter-obj@^1.1.0:
  version "1.1.0"
  resolved "https://registry.yarnpkg.com/filter-obj/-/filter-obj-1.1.0.tgz#9b311112bc6c6127a16e016c6c5d7f19e0805c5b"
  integrity sha1-mzERErxsYSehbgFsbF1/GeCAXFs=

identitate@^1.0.0:
  version "1.0.1"
  resolved "https://registry.yarnpkg.com/identitate/-/identitate-1.0.1.tgz#4b8bed39454f1d7a476e60ff0e4f82a094841dfc"
  integrity sha512-xnDJ0JYhiZjBDuJRKbHoVzj5yP9FhATxLyUYswQyPdnJrwzGVBqS6DOmvKJi1lk7P+4dkL+hhUhuOZIcOUtG5A==
  dependencies:
    pathington "^1.0.1"

immer@^2.1.5:
  version "2.1.5"
  resolved "https://registry.yarnpkg.com/immer/-/immer-2.1.5.tgz#0389947455c5a2c7a47f1e6f415c9d1a62a1ebed"
  integrity sha512-xyjQyTBYIeiz6jd02Hg12jV+9QISwF1crLcwTlzHpWH4e0ryNWj1kacpTwimK3bJV5NKKXw458G2vpqoB/inFA==

invariant@^2.1.0:
  version "2.2.4"
  resolved "https://registry.yarnpkg.com/invariant/-/invariant-2.2.4.tgz#610f3c92c9359ce1db616e538008d23ff35158e6"
  integrity sha512-phJfQVBuaJM5raOpJjSfkiD6BpbCE4Ns//LaXl6wGYtUBY83nWS6Rf9tXm2e8VaK60JEjYldbPif/A2B1C2gNA==
  dependencies:
    loose-envify "^1.0.0"

"js-tokens@^3.0.0 || ^4.0.0":
  version "4.0.0"
  resolved "https://registry.yarnpkg.com/js-tokens/-/js-tokens-4.0.0.tgz#19203fb59991df98e3a287050d4647cdeaf32499"
  integrity sha512-RdJUflcE3cUzKiMqQgsCu06FPu9UdIJO0beYbPhHN4k6apgJtifcoCtT9bcxOpYBtpD2kCM6Sbzg4CausW/PKQ==

json-stringify-safe@^5.0.1:
  version "5.0.1"
  resolved "https://registry.yarnpkg.com/json-stringify-safe/-/json-stringify-safe-5.0.1.tgz#1296a2d58fd45f19a0f6ce01d65701e2c735b6eb"
  integrity sha1-Epai1Y/UXxmg9s4B1lcB4sc1tus=

loose-envify@^1.0.0:
  version "1.4.0"
  resolved "https://registry.yarnpkg.com/loose-envify/-/loose-envify-1.4.0.tgz#71ee51fa7be4caec1a63839f7e682d8132d30caf"
  integrity sha512-lyuxPGr/Wfhrlem2CL/UcnUc1zcqKAImBDzukY7Y5F/yQiNdko6+fRLevlw1HgMySw7f611UIY408EtxRSoK3Q==
  dependencies:
    js-tokens "^3.0.0 || ^4.0.0"

pathington@^1.0.1, pathington@^1.1.7:
  version "1.1.7"
  resolved "https://registry.yarnpkg.com/pathington/-/pathington-1.1.7.tgz#caf2d2db899a31fea4e81e3657af6acde5171903"
  integrity sha512-JxzhUzagDfNIOm4qqwQqP3rWeo7rNNOfIahy4n+3GTEdwXLqw5cJHUR0soSopQtNEv763lzxb6eA2xBllpR8zw==

query-string@^7.0.1:
  version "7.0.1"
  resolved "https://registry.yarnpkg.com/query-string/-/query-string-7.0.1.tgz#45bd149cf586aaa582dffc7ec7a8ad97dd02f75d"
  integrity sha512-uIw3iRvHnk9to1blJCG3BTc+Ro56CBowJXKmNNAm3RulvPBzWLRqKSiiDk+IplJhsydwtuNMHi8UGQFcCLVfkA==
  dependencies:
    decode-uri-component "^0.2.0"
    filter-obj "^1.1.0"
    split-on-first "^1.0.0"
    strict-uri-encode "^2.0.0"

redux-devtools-extension@^2.13.8:
  version "2.13.9"
  resolved "https://registry.yarnpkg.com/redux-devtools-extension/-/redux-devtools-extension-2.13.9.tgz#6b764e8028b507adcb75a1cae790f71e6be08ae7"
  integrity sha512-cNJ8Q/EtjhQaZ71c8I9+BPySIBVEKssbPpskBfsXqb8HJ002A3KRVHfeRzwRo6mGPqsm7XuHTqNSNeS1Khig0A==

redux-immutable-state-invariant@^2.1.0:
  version "2.1.0"
  resolved "https://registry.yarnpkg.com/redux-immutable-state-invariant/-/redux-immutable-state-invariant-2.1.0.tgz#308fd3cc7415a0e7f11f51ec997b6379c7055ce1"
  integrity sha512-3czbDKs35FwiBRsx/3KabUk5zSOoTXC+cgVofGkpBNv3jQcqIe5JrHcF5AmVt7B/4hyJ8MijBIpCJ8cife6yJg==
  dependencies:
    invariant "^2.1.0"
    json-stringify-safe "^5.0.1"

redux-starter-kit@0.5.1:
  version "0.5.1"
  resolved "https://registry.yarnpkg.com/redux-starter-kit/-/redux-starter-kit-0.5.1.tgz#8b11ef234624a20c9cd384892033f7772331e9e3"
  integrity sha512-CWnjwPGdPhzqDnYYTNG5I0VjK8x3f21Nuf5xpPlOrHOhstagwxvwCZFoydOQ8TIV78ah1/WeoIQdlbks49KyIQ==
  dependencies:
    immer "^2.1.5"
    redux "^4.0.0"
    redux-devtools-extension "^2.13.8"
    redux-immutable-state-invariant "^2.1.0"
    redux-thunk "^2.2.0"
    selectorator "^4.0.3"

redux-thunk@^2.2.0:
  version "2.4.1"
  resolved "https://registry.yarnpkg.com/redux-thunk/-/redux-thunk-2.4.1.tgz#0dd8042cf47868f4b29699941de03c9301a75714"
  integrity sha512-OOYGNY5Jy2TWvTL1KgAlVy6dcx3siPJ1wTq741EPyUKfn6W6nChdICjZwCd0p8AZBs5kWpZlbkXW2nE/zjUa+Q==

redux@^4.0.0:
  version "4.1.2"
  resolved "https://registry.yarnpkg.com/redux/-/redux-4.1.2.tgz#140f35426d99bb4729af760afcf79eaaac407104"
  integrity sha512-SH8PglcebESbd/shgf6mii6EIoRM0zrQyjcuQ+ojmfxjTtE0z9Y8pa62iA/OJ58qjP6j27uyW4kUF4jl/jd6sw==
  dependencies:
    "@babel/runtime" "^7.9.2"

regenerator-runtime@^0.13.4:
  version "0.13.9"
  resolved "https://registry.yarnpkg.com/regenerator-runtime/-/regenerator-runtime-0.13.9.tgz#8925742a98ffd90814988d7566ad30ca3b263b52"
  integrity sha512-p3VT+cOEgxFsRRA9X4lkI1E+k2/CtnKtU4gcxyaCUreilL/vqI6CdZ3wxVUx3UOUg+gnUOQQcRI7BmSI656MYA==

reselect@^4.0.0:
  version "4.1.5"
  resolved "https://registry.yarnpkg.com/reselect/-/reselect-4.1.5.tgz#852c361247198da6756d07d9296c2b51eddb79f6"
  integrity sha512-uVdlz8J7OO+ASpBYoz1Zypgx0KasCY20H+N8JD13oUMtPvSHQuscrHop4KbXrbsBcdB9Ds7lVK7eRkBIfO43vQ==

selectorator@^4.0.3:
  version "4.0.3"
  resolved "https://registry.yarnpkg.com/selectorator/-/selectorator-4.0.3.tgz#d33b11027da7e6838de277cd6eb1134125aa788b"
  integrity sha512-A8+paRhzTab4Qm/38RAVnCgEZFbpn5xIWLyTCDqvyU3Obhmo94RS6UK1H00bVH7+U609sOhqbFJha09POsWURA==
  dependencies:
    fast-equals "^1.2.1"
    identitate "^1.0.0"
    reselect "^4.0.0"
    unchanged "^2.0.1"

split-on-first@^1.0.0:
  version "1.1.0"
  resolved "https://registry.yarnpkg.com/split-on-first/-/split-on-first-1.1.0.tgz#f610afeee3b12bce1d0c30425e76398b78249a5f"
  integrity sha512-43ZssAJaMusuKWL8sKUBQXHWOpq8d6CfN/u1p4gUzfJkM05C8rxTmYrkIPTXapZpORA6LkkzcUulJ8FqA7Uudw==

strict-uri-encode@^2.0.0:
  version "2.0.0"
  resolved "https://registry.yarnpkg.com/strict-uri-encode/-/strict-uri-encode-2.0.0.tgz#b9c7330c7042862f6b142dc274bbcc5866ce3546"
  integrity sha1-ucczDHBChi9rFC3CdLvMWGbONUY=

typesafe-actions@^5.1.0:
  version "5.1.0"
  resolved "https://registry.yarnpkg.com/typesafe-actions/-/typesafe-actions-5.1.0.tgz#9afe8b1e6a323af1fd59e6a57b11b7dd6623d2f1"
  integrity sha512-bna6Yi1pRznoo6Bz1cE6btB/Yy8Xywytyfrzu/wc+NFW3ZF0I+2iCGImhBsoYYCOWuICtRO4yHcnDlzgo1AdNg==

unchanged@^2.0.1:
  version "2.2.1"
  resolved "https://registry.yarnpkg.com/unchanged/-/unchanged-2.2.1.tgz#426f8b3c3b98a95a4acc801b0ba67babaabe1bec"
  integrity sha512-pMlMNfqtfjOVpDAKVBH+LjnhnTwWYUrJq9fU3nGRYrw6JnprJEH1/cehJikRTf+o6dmkpX5XRRspb5mUAhxeZQ==
  dependencies:
    curriable "^1.3.0"
    pathington "^1.1.7"
